
Microsoft Visual Studio Solution File, Format Version 12.00
# Visual Studio Version 17
VisualStudioVersion = 17.0.31825.309
MinimumVisualStudioVersion = 10.0.40219.1
Project("{FAE04EC0-301F-11D3-BF4B-00C04F79EFBC}") = "FindLocationApp", "FindLocationApp\FindLocationApp.csproj", "{A2AE089F-1366-4085-9800-EF03C955E50E}"
EndProject
Global
	GlobalSection(SolutionConfigurationPlatforms) = preSolution
		Debug|Any CPU = Debug|Any CPU
		Release|Any CPU = Release|Any CPU
	EndGlobalSection
	GlobalSection(ProjectConfigurationPlatforms) = postSolution
		{A2AE089F-1366-4085-9800-EF03C955E50E}.Debug|Any CPU.ActiveCfg = Debug|Any CPU
		{A2AE089F-1366-4085-9800-EF03C955E50E}.Debug|Any CPU.Build.0 = Debug|Any CPU
		{A2AE089F-1366-4085-9800-EF03C955E50E}.Release|Any CPU.ActiveCfg = Release|Any CPU
		{A2AE089F-1366-4085-9800-EF03C955E50E}.Release|Any CPU.Build.0 = Release|Any CPU
	EndGlobalSection
	GlobalSection(SolutionProperties) = preSolution
		HideSolutionNode = FALSE
	EndGlobalSection
	GlobalSection(ExtensibilityGlobals) = postSolution
		SolutionGuid = {002C8918-4D90-4A85-85B9-DA14224A6D06}
	EndGlobalSection
EndGlobal
